{
  "name": "pedidos",
  "lockfileVersion": 3,
  "requires": true,
  "packages": {
    "": {
      "dependencies": {
        "angular-datatables": "^18.0.0"
      }
    },
    "node_modules/@angular/common": {
      "version": "18.2.5",
      "resolved": "https://registry.npmjs.org/@angular/common/-/common-18.2.5.tgz",
      "integrity": "sha512-m+KJrtbFXTE36jP/po6UAMeUR/enQxRHpVGLCRcIcE7VWVH1ZcOvoW1yqh2A6k+KxWXeajlq/Z04nnMhcoxMRw==",
      "license": "MIT",
      "peer": true,
      "dependencies": {
        "tslib": "^2.3.0"
      },
      "engines": {
        "node": "^18.19.1 || ^20.11.1 || >=22.0.0"
      },
      "peerDependencies": {
        "@angular/core": "18.2.5",
        "rxjs": "^6.5.3 || ^7.4.0"
      }
    },
    "node_modules/@angular/core": {
      "version": "18.2.5",
      "resolved": "https://registry.npmjs.org/@angular/core/-/core-18.2.5.tgz",
      "integrity": "sha512-5BLVc5gXxzanQkADNS9WPsor3vNF5nQcyIHBi5VScErwM5vVZ7ATH1iZwaOg1ykDEVTFVhKDwD0X1aaqGDbhmQ==",
      "license": "MIT",
      "peer": true,
      "dependencies": {
        "tslib": "^2.3.0"
      },
      "engines": {
        "node": "^18.19.1 || ^20.11.1 || >=22.0.0"
      },
      "peerDependencies": {
        "rxjs": "^6.5.3 || ^7.4.0",
        "zone.js": "~0.14.10"
      }
    },
    "node_modules/@angular/platform-browser": {
      "version": "18.2.5",
      "resolved": "https://registry.npmjs.org/@angular/platform-browser/-/platform-browser-18.2.5.tgz",
      "integrity": "sha512-PoX9idwnOpTJBlujzZ2nFGOsmCnZzOH7uNSWIR7trdoq0b1AFXfrxlCQ36qWamk7bbhJI4H28L8YTmKew/nXDA==",
      "license": "MIT",
      "peer": true,
      "dependencies": {
        "tslib": "^2.3.0"
      },
      "engines": {
        "node": "^18.19.1 || ^20.11.1 || >=22.0.0"
      },
      "peerDependencies": {
        "@angular/animations": "18.2.5",
        "@angular/common": "18.2.5",
        "@angular/core": "18.2.5"
      },
      "peerDependenciesMeta": {
        "@angular/animations": {
          "optional": true
        }
      }
    },
    "node_modules/angular-datatables": {
      "version": "18.0.0",
      "resolved": "https://registry.npmjs.org/angular-datatables/-/angular-datatables-18.0.0.tgz",
      "integrity": "sha512-2eWHevDnG9/7vkYxbbjdm4NspKRTpVYga8St3G92/vnPPB8225y8BC8YNpOXaRl6Smc2tlXQu9AxyHEjhfVwWw==",
      "license": "MIT",
      "dependencies": {
        "tslib": "^2.3.0"
      },
      "peerDependencies": {
        "@angular/common": "^18.0.5",
        "@angular/core": "^18.0.5",
        "@angular/platform-browser": "^18.0.5",
        "datatables.net": "^2.0.3",
        "datatables.net-dt": "^2.0.3",
        "jquery": "^3.6.0",
        "rxjs": "^7.4.0",
        "zone.js": "~0.14.3"
      }
    },
    "node_modules/datatables.net": {
      "version": "2.1.7",
      "resolved": "https://registry.npmjs.org/datatables.net/-/datatables.net-2.1.7.tgz",
      "integrity": "sha512-ZSsBmYN9m++WHm+nfJm2cPfC0I25CBRx358qebzEW9WWXYjPZFJs8iRs9+nzv8P7HgvqQu8kKBmQzW1+ByhuUA==",
      "license": "MIT",
      "peer": true,
      "dependencies": {
        "jquery": ">=1.7"
      }
    },
    "node_modules/datatables.net-dt": {
      "version": "2.1.7",
      "resolved": "https://registry.npmjs.org/datatables.net-dt/-/datatables.net-dt-2.1.7.tgz",
      "integrity": "sha512-+JLzOH+atnWsZNc+w1gsi/WV7WprJUznVb/vxVN1+2li1vVocvljjLAWxrTJBGOs0n6hfIomkK9rX/H2M5tSkw==",
      "license": "MIT",
      "peer": true,
      "dependencies": {
        "datatables.net": "2.1.7",
        "jquery": ">=1.7"
      }
    },
    "node_modules/jquery": {
      "version": "3.7.1",
      "resolved": "https://registry.npmjs.org/jquery/-/jquery-3.7.1.tgz",
      "integrity": "sha512-m4avr8yL8kmFN8psrbFFFmB/If14iN5o9nw/NgnnM+kybDJpRsAynV2BsfpTYrTRysYUdADVD7CkUUizgkpLfg==",
      "license": "MIT",
      "peer": true
    },
    "node_modules/rxjs": {
      "version": "7.8.1",
      "resolved": "https://registry.npmjs.org/rxjs/-/rxjs-7.8.1.tgz",
      "integrity": "sha512-AA3TVj+0A2iuIoQkWEK/tqFjBq2j+6PO6Y0zJcvzLAFhEFIO3HL0vls9hWLncZbAAbK0mar7oZ4V079I/qPMxg==",
      "license": "Apache-2.0",
      "peer": true,
      "dependencies": {
        "tslib": "^2.1.0"
      }
    },
    "node_modules/tslib": {
      "version": "2.7.0",
      "resolved": "https://registry.npmjs.org/tslib/-/tslib-2.7.0.tgz",
      "integrity": "sha512-gLXCKdN1/j47AiHiOkJN69hJmcbGTHI0ImLmbYLHykhgeN0jVGola9yVjFgzCUklsZQMW55o+dW7IXv3RCXDzA==",
      "license": "0BSD"
    },
    "node_modules/zone.js": {
      "version": "0.14.10",
      "resolved": "https://registry.npmjs.org/zone.js/-/zone.js-0.14.10.tgz",
      "integrity": "sha512-YGAhaO7J5ywOXW6InXNlLmfU194F8lVgu7bRntUF3TiG8Y3nBK0x1UJJuHUP/e8IyihkjCYqhCScpSwnlaSRkQ==",
      "license": "MIT",
      "peer": true
    }
  }
}
